<?xml version="1.0" encoding="utf-8"?>
<Project ToolsVersion="4.0" xmlns="http://schemas.microsoft.com/developer/msbuild/2003">
  <ItemGroup>
    <Filter Include="Source Files">
      <UniqueIdentifier>{4FC737F1-C7A5-4376-A066-2A32D752A2FF}</UniqueIdentifier>
      <Extensions>cpp;c;cc;cxx;def;odl;idl;hpj;bat;asm;asmx</Extensions>
    </Filter>
    <Filter Include="Header Files">
      <UniqueIdentifier>{93995380-89BD-4b04-88EB-625FBE52EBFB}</UniqueIdentifier>
      <Extensions>h;hh;hpp;hxx;hm;inl;inc;ipp;xsd</Extensions>
    </Filter>
    <Filter Include="Resource Files">
      <UniqueIdentifier>{67DA6AB6-F800-4c08-8B7A-83BB121AAD01}</UniqueIdentifier>
      <Extensions>rc;ico;cur;bmp;dlg;rc2;rct;bin;rgs;gif;jpg;jpeg;jpe;resx;tiff;tif;png;wav;mfcribbon-ms</Extensions>
    </Filter>
    <Filter Include="Commands">
      <UniqueIdentifier>{cb3b8042-0a21-4788-86b3-bc4046911e73}</UniqueIdentifier>
    </Filter>
  </ItemGroup>
  <ItemGroup>
    <ClInclude Include="stdafx.h">
      <Filter>Header Files</Filter>
    </ClInclude>
    <ClInclude Include="targetver.h">
      <Filter>Header Files</Filter>
    </ClInclude>
    <ClInclude Include="Resource.h">
      <Filter>Header Files</Filter>
    </ClInclude>
    <ClInclude Include="AFLauncher.h">
      <Filter>Header Files</Filter>
    </ClInclude>
    <ClInclude Include="Switcher.h">
      <Filter>Header Files</Filter>
    </ClInclude>
    <ClInclude Include="SharedQueue.h">
      <Filter>Header Files</Filter>
    </ClInclude>
    <ClInclude Include="Frame.h">
      <Filter>Header Files</Filter>
    </ClInclude>
    <ClInclude Include="Commands\ICommand.h">
      <Filter>Commands</Filter>
    </ClInclude>
    <ClInclude Include="Commands\MakeFileUpdateCommand.h">
      <Filter>Commands</Filter>
    </ClInclude>
    <ClInclude Include="FilesMap.h">
      <Filter>Header Files</Filter>
    </ClInclude>
    <ClInclude Include="Log.h">
      <Filter>Header Files</Filter>
    </ClInclude>
    <ClInclude Include="Commands\DeleteFileCommand.h">
      <Filter>Commands</Filter>
    </ClInclude>
    <ClInclude Include="Commands\DownloadFileCommand.h">
      <Filter>Commands</Filter>
    </ClInclude>
    <ClInclude Include="AppState.h">
      <Filter>Header Files</Filter>
    </ClInclude>
    <ClInclude Include="Commands\FunctionCommand.h">
      <Filter>Commands</Filter>
    </ClInclude>
    <ClInclude Include="ServerAPI.h">
      <Filter>Header Files</Filter>
    </ClInclude>
    <ClInclude Include="..\AFCommon\hash.h">
      <Filter>Header Files</Filter>
    </ClInclude>
    <ClInclude Include="System.h">
      <Filter>Header Files</Filter>
    </ClInclude>
    <ClInclude Include="Commands\UpdateResourcesCommand.h">
      <Filter>Commands</Filter>
    </ClInclude>
    <ClInclude Include="Commands\CheckAndDownloadNewAppFilesCommand.h">
      <Filter>Commands</Filter>
    </ClInclude>
    <ClInclude Include="Commands\LoginPlayerCommand.h">
      <Filter>Commands</Filter>
    </ClInclude>
    <ClInclude Include="Commands\RegisterPlayerCommand.h">
      <Filter>Commands</Filter>
    </ClInclude>
    <ClInclude Include="Commands\LaunchGameCommand.h">
      <Filter>Commands</Filter>
    </ClInclude>
    <ClInclude Include="Commands\TimeoutCommand.h">
      <Filter>Commands</Filter>
    </ClInclude>
    <ClInclude Include="Commands\CheckVKOAuthStatusCommand.h">
      <Filter>Commands</Filter>
    </ClInclude>
    <ClInclude Include="Commands\LoadPlayerInfoCommand.h">
      <Filter>Commands</Filter>
    </ClInclude>
    <ClInclude Include="Commands\SetPlayerNickNameCommand.h">
      <Filter>Commands</Filter>
    </ClInclude>
  </ItemGroup>
  <ItemGroup>
    <ClCompile Include="stdafx.cpp">
      <Filter>Source Files</Filter>
    </ClCompile>
    <ClCompile Include="AFLauncher.cpp">
      <Filter>Source Files</Filter>
    </ClCompile>
    <ClCompile Include="..\sciter-sdk\include\sciter-win-main.cpp">
      <Filter>Source Files</Filter>
    </ClCompile>
    <ClCompile Include="touchable.cpp">
      <Filter>Source Files</Filter>
    </ClCompile>
    <ClCompile Include="Switcher.cpp">
      <Filter>Source Files</Filter>
    </ClCompile>
    <ClCompile Include="Log.cpp">
      <Filter>Source Files</Filter>
    </ClCompile>
    <ClCompile Include="Frame.cpp">
      <Filter>Source Files</Filter>
    </ClCompile>
    <ClCompile Include="FilesMap.cpp">
      <Filter>Source Files</Filter>
    </ClCompile>
    <ClCompile Include="..\AFCommon\HttpRequest.cpp">
      <Filter>Source Files</Filter>
    </ClCompile>
    <ClCompile Include="..\AFCommon\wstrf.cpp">
      <Filter>Source Files</Filter>
    </ClCompile>
    <ClCompile Include="..\AFCommon\hash.cpp">
      <Filter>Source Files</Filter>
    </ClCompile>
    <ClCompile Include="..\AFCommon\json.cpp">
      <Filter>Source Files</Filter>
    </ClCompile>
    <ClCompile Include="System.cpp">
      <Filter>Source Files</Filter>
    </ClCompile>
    <ClCompile Include="AppState.cpp">
      <Filter>Source Files</Filter>
    </ClCompile>
  </ItemGroup>
  <ItemGroup>
    <ResourceCompile Include="AFLauncher.rc">
      <Filter>Resource Files</Filter>
    </ResourceCompile>
  </ItemGroup>
  <ItemGroup>
    <Image Include="small.ico">
      <Filter>Resource Files</Filter>
    </Image>
    <Image Include="AFLauncher.ico">
      <Filter>Resource Files</Filter>
    </Image>
  </ItemGroup>
</Project>